<?xml version="1.0" encoding="utf-8"?>
<Project ToolsVersion="4.0" xmlns="http://schemas.microsoft.com/developer/msbuild/2003">
  <ItemGroup>
    <Filter Include="Generated Files">
      <UniqueIdentifier>{71ED8ED8-ACB9-4CE9-BBE1-E00B30144E11}</UniqueIdentifier>
      <Extensions>cpp;c;cxx;moc;h;def;odl;idl;res;</Extensions>
    </Filter>
    <Filter Include="Generated Files">
      <UniqueIdentifier>{71ED8ED8-ACB9-4CE9-BBE1-E00B30144E11}</UniqueIdentifier>
      <Extensions>cpp;c;cxx;moc;h;def;odl;idl;res;</Extensions>
    </Filter>
    <Filter Include="Header Files">
      <UniqueIdentifier>{93995380-89BD-4b04-88EB-625FBE52EBFB}</UniqueIdentifier>
      <Extensions>h;hpp;hxx;hm;inl;inc;xsd</Extensions>
    </Filter>
    <Filter Include="Header Files">
      <UniqueIdentifier>{93995380-89BD-4b04-88EB-625FBE52EBFB}</UniqueIdentifier>
      <Extensions>h;hpp;hxx;hm;inl;inc;xsd</Extensions>
    </Filter>
    <Filter Include="Source Files">
      <UniqueIdentifier>{4FC737F1-C7A5-4376-A066-2A32D752A2FF}</UniqueIdentifier>
      <Extensions>cpp;c;cxx;def;odl;idl;hpj;bat;asm;asmx</Extensions>
    </Filter>
    <Filter Include="Source Files">
      <UniqueIdentifier>{4FC737F1-C7A5-4376-A066-2A32D752A2FF}</UniqueIdentifier>
      <Extensions>cpp;c;cxx;def;odl;idl;hpj;bat;asm;asmx</Extensions>
    </Filter>
    <Filter Include="Header Files\SFML">
      <UniqueIdentifier>{dc8a0523-7c33-498d-a8b3-828d1e5733d2}</UniqueIdentifier>
    </Filter>
    <Filter Include="Source Files\SFML">
      <UniqueIdentifier>{833e2555-d02d-4ba5-b03c-e9ede64808e3}</UniqueIdentifier>
    </Filter>
    <Filter Include="Header Files\blImageAPI">
      <UniqueIdentifier>{76ac01f0-625e-4c8f-99a1-6713cc2be8bf}</UniqueIdentifier>
    </Filter>
    <Filter Include="Header Files\JMVC">
      <UniqueIdentifier>{57e28b23-0fa5-42c6-b0f7-4ccace264e86}</UniqueIdentifier>
    </Filter>
    <Filter Include="Source Files\JMVC">
      <UniqueIdentifier>{d66924ef-824a-4984-b955-95f91a94e033}</UniqueIdentifier>
    </Filter>
    <Filter Include="Source Files\JMVC\test">
      <UniqueIdentifier>{4e14d0c2-ece5-493f-af70-55949215e123}</UniqueIdentifier>
    </Filter>
    <Filter Include="Header Files\JMVC\test">
      <UniqueIdentifier>{c465445e-ee85-4283-82c8-329e69fd1e32}</UniqueIdentifier>
    </Filter>
    <Filter Include="Header Files\JMVC\test\H264AVCEncoderLibTest">
      <UniqueIdentifier>{5dfc3f40-d2d4-4482-9233-14cb5efd8f8d}</UniqueIdentifier>
    </Filter>
    <Filter Include="Source Files\JMVC\test\H264AVCEncoderLibTest">
      <UniqueIdentifier>{25be6160-e54c-455d-a54f-a3363e356dc1}</UniqueIdentifier>
    </Filter>
    <Filter Include="Header Files\JMVC\lib">
      <UniqueIdentifier>{ca11f841-b8f3-4213-acde-bb9bade7a563}</UniqueIdentifier>
    </Filter>
    <Filter Include="Source Files\JMVC\lib">
      <UniqueIdentifier>{8d7c188e-fe2f-49a1-b0f5-ddf8c4802939}</UniqueIdentifier>
    </Filter>
    <Filter Include="Header Files\JMVC\lib\H264AVCEncoderLib">
      <UniqueIdentifier>{3076e80c-2b79-450a-8b1f-0fd05b807990}</UniqueIdentifier>
    </Filter>
    <Filter Include="Source Files\JMVC\lib\H264AVCEncoderLib">
      <UniqueIdentifier>{11d11ebf-3d4c-460f-91d4-30db5935f7e5}</UniqueIdentifier>
    </Filter>
    <Filter Include="Header Files\JMVC\lib\H264AVCCommonLib">
      <UniqueIdentifier>{ad9cc770-f059-4437-aa7d-5873b8ac0cd8}</UniqueIdentifier>
    </Filter>
    <Filter Include="Source Files\JMVC\lib\H264AVCCommonLib">
      <UniqueIdentifier>{00157326-6af9-43a8-a733-ab86de875b44}</UniqueIdentifier>
    </Filter>
    <Filter Include="Header Files\JMVC\lib\H264AVCVideoIoLib">
      <UniqueIdentifier>{8439fcbf-fac9-4a52-ae81-8e79453a1581}</UniqueIdentifier>
    </Filter>
    <Filter Include="Source Files\JMVC\lib\H264AVCVideoIoLib">
      <UniqueIdentifier>{fb6663b9-fc11-4669-9215-8e9b9092cbd1}</UniqueIdentifier>
    </Filter>
  </ItemGroup>
  <ItemGroup>
    <ClCompile Include="MyCameraWindow.cpp">
      <Filter>Source Files</Filter>
    </ClCompile>
    <ClCompile Include="QOpenCVWidget.cpp">
      <Filter>Source Files</Filter>
    </ClCompile>
    <ClCompile Include="main.cpp">
      <Filter>Source Files</Filter>
    </ClCompile>
    <ClCompile Include="SelectFile.cpp">
      <Filter>Source Files</Filter>
    </ClCompile>
    <ClCompile Include="Release\moc_SelectFile.cpp">
      <Filter>Generated Files</Filter>
    </ClCompile>
    <ClCompile Include="CalibrationWindow.cpp">
      <Filter>Source Files</Filter>
    </ClCompile>
    <ClCompile Include="Release\moc_CalibrationWindow.cpp">
      <Filter>Generated Files</Filter>
    </ClCompile>
    <ClCompile Include="StereoCalib.cpp">
      <Filter>Source Files</Filter>
    </ClCompile>
    <ClCompile Include="SFML\Thread.cpp">
      <Filter>Source Files\SFML</Filter>
    </ClCompile>
    <ClCompile Include="JMVC\H264Extension\src\test\H264AVCEncoderLibTest\EncoderCodingParameter.cpp">
      <Filter>Source Files\JMVC\test\H264AVCEncoderLibTest</Filter>
    </ClCompile>
    <ClCompile Include="JMVC\H264Extension\src\test\H264AVCEncoderLibTest\H264AVCEncoderLibTest.cpp">
      <Filter>Source Files\JMVC\test\H264AVCEncoderLibTest</Filter>
    </ClCompile>
    <ClCompile Include="JMVC\H264Extension\src\test\H264AVCEncoderLibTest\H264AVCEncoderTest.cpp">
      <Filter>Source Files\JMVC\test\H264AVCEncoderLibTest</Filter>
    </ClCompile>
    <ClCompile Include="JMVC\H264Extension\src\lib\H264AVCEncoderLib\BitCounter.cpp">
      <Filter>Source Files\JMVC\lib\H264AVCEncoderLib</Filter>
    </ClCompile>
    <ClCompile Include="JMVC\H264Extension\src\lib\H264AVCEncoderLib\BitWriteBuffer.cpp">
      <Filter>Source Files\JMVC\lib\H264AVCEncoderLib</Filter>
    </ClCompile>
    <ClCompile Include="JMVC\H264Extension\src\lib\H264AVCEncoderLib\CabacWriter.cpp">
      <Filter>Source Files\JMVC\lib\H264AVCEncoderLib</Filter>
    </ClCompile>
    <ClCompile Include="JMVC\H264Extension\src\lib\H264AVCEncoderLib\CabaEncoder.cpp">
      <Filter>Source Files\JMVC\lib\H264AVCEncoderLib</Filter>
    </ClCompile>
    <ClCompile Include="JMVC\H264Extension\src\lib\H264AVCEncoderLib\CodingParameter.cpp">
      <Filter>Source Files\JMVC\lib\H264AVCEncoderLib</Filter>
    </ClCompile>
    <ClCompile Include="JMVC\H264Extension\src\lib\H264AVCEncoderLib\ControlMngH264AVCEncoder.cpp">
      <Filter>Source Files\JMVC\lib\H264AVCEncoderLib</Filter>
    </ClCompile>
    <ClCompile Include="JMVC\H264Extension\src\lib\H264AVCEncoderLib\CreaterH264AVCEncoder.cpp">
      <Filter>Source Files\JMVC\lib\H264AVCEncoderLib</Filter>
    </ClCompile>
    <ClCompile Include="JMVC\H264Extension\src\lib\H264AVCEncoderLib\Distortion.cpp">
      <Filter>Source Files\JMVC\lib\H264AVCEncoderLib</Filter>
    </ClCompile>
    <ClCompile Include="JMVC\H264Extension\src\lib\H264AVCEncoderLib\H264AVCEncoder.cpp">
      <Filter>Source Files\JMVC\lib\H264AVCEncoderLib</Filter>
    </ClCompile>
    <ClCompile Include="JMVC\H264Extension\src\lib\H264AVCEncoderLib\H264AVCEncoderLib.cpp">
      <Filter>Source Files\JMVC\lib\H264AVCEncoderLib</Filter>
    </ClCompile>
    <ClCompile Include="JMVC\H264Extension\src\lib\H264AVCEncoderLib\InputPicBuffer.cpp">
      <Filter>Source Files\JMVC\lib\H264AVCEncoderLib</Filter>
    </ClCompile>
    <ClCompile Include="JMVC\H264Extension\src\lib\H264AVCEncoderLib\IntraPredictionSearch.cpp">
      <Filter>Source Files\JMVC\lib\H264AVCEncoderLib</Filter>
    </ClCompile>
    <ClCompile Include="JMVC\H264Extension\src\lib\H264AVCEncoderLib\MbCoder.cpp">
      <Filter>Source Files\JMVC\lib\H264AVCEncoderLib</Filter>
    </ClCompile>
    <ClCompile Include="JMVC\H264Extension\src\lib\H264AVCEncoderLib\MbEncoder.cpp">
      <Filter>Source Files\JMVC\lib\H264AVCEncoderLib</Filter>
    </ClCompile>
    <ClCompile Include="JMVC\H264Extension\src\lib\H264AVCEncoderLib\MbTempData.cpp">
      <Filter>Source Files\JMVC\lib\H264AVCEncoderLib</Filter>
    </ClCompile>
    <ClCompile Include="JMVC\H264Extension\src\lib\H264AVCEncoderLib\MotionEstimation.cpp">
      <Filter>Source Files\JMVC\lib\H264AVCEncoderLib</Filter>
    </ClCompile>
    <ClCompile Include="JMVC\H264Extension\src\lib\H264AVCEncoderLib\MotionEstimationCost.cpp">
      <Filter>Source Files\JMVC\lib\H264AVCEncoderLib</Filter>
    </ClCompile>
    <ClCompile Include="JMVC\H264Extension\src\lib\H264AVCEncoderLib\MotionEstimationQuarterPel.cpp">
      <Filter>Source Files\JMVC\lib\H264AVCEncoderLib</Filter>
    </ClCompile>
    <ClCompile Include="JMVC\H264Extension\src\lib\H264AVCEncoderLib\Multiview.cpp">
      <Filter>Source Files\JMVC\lib\H264AVCEncoderLib</Filter>
    </ClCompile>
    <ClCompile Include="JMVC\H264Extension\src\lib\H264AVCEncoderLib\NalUnitEncoder.cpp">
      <Filter>Source Files\JMVC\lib\H264AVCEncoderLib</Filter>
    </ClCompile>
    <ClCompile Include="JMVC\H264Extension\src\lib\H264AVCEncoderLib\PicEncoder.cpp">
      <Filter>Source Files\JMVC\lib\H264AVCEncoderLib</Filter>
    </ClCompile>
    <ClCompile Include="JMVC\H264Extension\src\lib\H264AVCEncoderLib\RateDistortion.cpp">
      <Filter>Source Files\JMVC\lib\H264AVCEncoderLib</Filter>
    </ClCompile>
    <ClCompile Include="JMVC\H264Extension\src\lib\H264AVCEncoderLib\RecPicBuffer.cpp">
      <Filter>Source Files\JMVC\lib\H264AVCEncoderLib</Filter>
    </ClCompile>
    <ClCompile Include="JMVC\H264Extension\src\lib\H264AVCEncoderLib\SequenceStructure.cpp">
      <Filter>Source Files\JMVC\lib\H264AVCEncoderLib</Filter>
    </ClCompile>
    <ClCompile Include="JMVC\H264Extension\src\lib\H264AVCEncoderLib\SliceEncoder.cpp">
      <Filter>Source Files\JMVC\lib\H264AVCEncoderLib</Filter>
    </ClCompile>
    <ClCompile Include="JMVC\H264Extension\src\lib\H264AVCEncoderLib\UvlcWriter.cpp">
      <Filter>Source Files\JMVC\lib\H264AVCEncoderLib</Filter>
    </ClCompile>
    <ClCompile Include="JMVC\H264Extension\src\lib\H264AVCCommonLib\CabacContextModel.cpp">
      <Filter>Source Files\JMVC\lib\H264AVCCommonLib</Filter>
    </ClCompile>
    <ClCompile Include="JMVC\H264Extension\src\lib\H264AVCCommonLib\CabacContextModel2DBuffer.cpp">
      <Filter>Source Files\JMVC\lib\H264AVCCommonLib</Filter>
    </ClCompile>
    <ClCompile Include="JMVC\H264Extension\src\lib\H264AVCCommonLib\CFMO.cpp">
      <Filter>Source Files\JMVC\lib\H264AVCCommonLib</Filter>
    </ClCompile>
    <ClCompile Include="JMVC\H264Extension\src\lib\H264AVCCommonLib\Frame.cpp">
      <Filter>Source Files\JMVC\lib\H264AVCCommonLib</Filter>
    </ClCompile>
    <ClCompile Include="JMVC\H264Extension\src\lib\H264AVCCommonLib\FrameMng.cpp">
      <Filter>Source Files\JMVC\lib\H264AVCCommonLib</Filter>
    </ClCompile>
    <ClCompile Include="JMVC\H264Extension\src\lib\H264AVCCommonLib\FrameUnit.cpp">
      <Filter>Source Files\JMVC\lib\H264AVCCommonLib</Filter>
    </ClCompile>
    <ClCompile Include="JMVC\H264Extension\src\lib\H264AVCCommonLib\H264AVCCommonLib.cpp">
      <Filter>Source Files\JMVC\lib\H264AVCCommonLib</Filter>
    </ClCompile>
    <ClCompile Include="JMVC\H264Extension\src\lib\H264AVCCommonLib\IntFrame.cpp">
      <Filter>Source Files\JMVC\lib\H264AVCCommonLib</Filter>
    </ClCompile>
    <ClCompile Include="JMVC\H264Extension\src\lib\H264AVCCommonLib\IntraPrediction.cpp">
      <Filter>Source Files\JMVC\lib\H264AVCCommonLib</Filter>
    </ClCompile>
    <ClCompile Include="JMVC\H264Extension\src\lib\H264AVCCommonLib\IntYuvMbBuffer.cpp">
      <Filter>Source Files\JMVC\lib\H264AVCCommonLib</Filter>
    </ClCompile>
    <ClCompile Include="JMVC\H264Extension\src\lib\H264AVCCommonLib\IntYuvPicBuffer.cpp">
      <Filter>Source Files\JMVC\lib\H264AVCCommonLib</Filter>
    </ClCompile>
    <ClCompile Include="JMVC\H264Extension\src\lib\H264AVCCommonLib\LoopFilter.cpp">
      <Filter>Source Files\JMVC\lib\H264AVCCommonLib</Filter>
    </ClCompile>
    <ClCompile Include="JMVC\H264Extension\src\lib\H264AVCCommonLib\MbData.cpp">
      <Filter>Source Files\JMVC\lib\H264AVCCommonLib</Filter>
    </ClCompile>
    <ClCompile Include="JMVC\H264Extension\src\lib\H264AVCCommonLib\MbDataAccess.cpp">
      <Filter>Source Files\JMVC\lib\H264AVCCommonLib</Filter>
    </ClCompile>
    <ClCompile Include="JMVC\H264Extension\src\lib\H264AVCCommonLib\MbDataCtrl.cpp">
      <Filter>Source Files\JMVC\lib\H264AVCCommonLib</Filter>
    </ClCompile>
    <ClCompile Include="JMVC\H264Extension\src\lib\H264AVCCommonLib\MbDataStruct.cpp">
      <Filter>Source Files\JMVC\lib\H264AVCCommonLib</Filter>
    </ClCompile>
    <ClCompile Include="JMVC\H264Extension\src\lib\H264AVCCommonLib\MbMvData.cpp">
      <Filter>Source Files\JMVC\lib\H264AVCCommonLib</Filter>
    </ClCompile>
    <ClCompile Include="JMVC\H264Extension\src\lib\H264AVCCommonLib\MbTransformCoeffs.cpp">
      <Filter>Source Files\JMVC\lib\H264AVCCommonLib</Filter>
    </ClCompile>
    <ClCompile Include="JMVC\H264Extension\src\lib\H264AVCCommonLib\MotionCompensation.cpp">
      <Filter>Source Files\JMVC\lib\H264AVCCommonLib</Filter>
    </ClCompile>
    <ClCompile Include="JMVC\H264Extension\src\lib\H264AVCCommonLib\MotionVectorCalculation.cpp">
      <Filter>Source Files\JMVC\lib\H264AVCCommonLib</Filter>
    </ClCompile>
    <ClCompile Include="JMVC\H264Extension\src\lib\H264AVCCommonLib\Mv.cpp">
      <Filter>Source Files\JMVC\lib\H264AVCCommonLib</Filter>
    </ClCompile>
    <ClCompile Include="JMVC\H264Extension\src\lib\H264AVCCommonLib\ParameterSetMng.cpp">
      <Filter>Source Files\JMVC\lib\H264AVCCommonLib</Filter>
    </ClCompile>
    <ClCompile Include="JMVC\H264Extension\src\lib\H264AVCCommonLib\PictureParameterSet.cpp">
      <Filter>Source Files\JMVC\lib\H264AVCCommonLib</Filter>
    </ClCompile>
    <ClCompile Include="JMVC\H264Extension\src\lib\H264AVCCommonLib\PocCalculator.cpp">
      <Filter>Source Files\JMVC\lib\H264AVCCommonLib</Filter>
    </ClCompile>
    <ClCompile Include="JMVC\H264Extension\src\lib\H264AVCCommonLib\Quantizer.cpp">
      <Filter>Source Files\JMVC\lib\H264AVCCommonLib</Filter>
    </ClCompile>
    <ClCompile Include="JMVC\H264Extension\src\lib\H264AVCCommonLib\QuarterPelFilter.cpp">
      <Filter>Source Files\JMVC\lib\H264AVCCommonLib</Filter>
    </ClCompile>
    <ClCompile Include="JMVC\H264Extension\src\lib\H264AVCCommonLib\ReconstructionBypass.cpp">
      <Filter>Source Files\JMVC\lib\H264AVCCommonLib</Filter>
    </ClCompile>
    <ClCompile Include="JMVC\H264Extension\src\lib\H264AVCCommonLib\ResizeParameters.cpp">
      <Filter>Source Files\JMVC\lib\H264AVCCommonLib</Filter>
    </ClCompile>
    <ClCompile Include="JMVC\H264Extension\src\lib\H264AVCCommonLib\SampleWeighting.cpp">
      <Filter>Source Files\JMVC\lib\H264AVCCommonLib</Filter>
    </ClCompile>
    <ClCompile Include="JMVC\H264Extension\src\lib\H264AVCCommonLib\ScalingMatrix.cpp">
      <Filter>Source Files\JMVC\lib\H264AVCCommonLib</Filter>
    </ClCompile>
    <ClCompile Include="JMVC\H264Extension\src\lib\H264AVCCommonLib\Sei.cpp">
      <Filter>Source Files\JMVC\lib\H264AVCCommonLib</Filter>
    </ClCompile>
    <ClCompile Include="JMVC\H264Extension\src\lib\H264AVCCommonLib\SequenceParameterSet.cpp">
      <Filter>Source Files\JMVC\lib\H264AVCCommonLib</Filter>
    </ClCompile>
    <ClCompile Include="JMVC\H264Extension\src\lib\H264AVCCommonLib\SliceHeader.cpp">
      <Filter>Source Files\JMVC\lib\H264AVCCommonLib</Filter>
    </ClCompile>
    <ClCompile Include="JMVC\H264Extension\src\lib\H264AVCCommonLib\SliceHeaderBase.cpp">
      <Filter>Source Files\JMVC\lib\H264AVCCommonLib</Filter>
    </ClCompile>
    <ClCompile Include="JMVC\H264Extension\src\lib\H264AVCCommonLib\Tables.cpp">
      <Filter>Source Files\JMVC\lib\H264AVCCommonLib</Filter>
    </ClCompile>
    <ClCompile Include="JMVC\H264Extension\src\lib\H264AVCCommonLib\TraceFile.cpp">
      <Filter>Source Files\JMVC\lib\H264AVCCommonLib</Filter>
    </ClCompile>
    <ClCompile Include="JMVC\H264Extension\src\lib\H264AVCCommonLib\Transform.cpp">
      <Filter>Source Files\JMVC\lib\H264AVCCommonLib</Filter>
    </ClCompile>
    <ClCompile Include="JMVC\H264Extension\src\lib\H264AVCCommonLib\YuvBufferCtrl.cpp">
      <Filter>Source Files\JMVC\lib\H264AVCCommonLib</Filter>
    </ClCompile>
    <ClCompile Include="JMVC\H264Extension\src\lib\H264AVCCommonLib\YUVFileParams.cpp">
      <Filter>Source Files\JMVC\lib\H264AVCCommonLib</Filter>
    </ClCompile>
    <ClCompile Include="JMVC\H264Extension\src\lib\H264AVCCommonLib\YuvMbBuffer.cpp">
      <Filter>Source Files\JMVC\lib\H264AVCCommonLib</Filter>
    </ClCompile>
    <ClCompile Include="JMVC\H264Extension\src\lib\H264AVCCommonLib\YuvPicBuffer.cpp">
      <Filter>Source Files\JMVC\lib\H264AVCCommonLib</Filter>
    </ClCompile>
    <ClCompile Include="JMVC\H264Extension\src\lib\H264AVCVideoIoLib\H264AVCVideoIoLib.cpp">
      <Filter>Source Files\JMVC\lib\H264AVCVideoIoLib</Filter>
    </ClCompile>
    <ClCompile Include="JMVC\H264Extension\src\lib\H264AVCVideoIoLib\LargeFile.cpp">
      <Filter>Source Files\JMVC\lib\H264AVCVideoIoLib</Filter>
    </ClCompile>
    <ClCompile Include="JMVC\H264Extension\src\lib\H264AVCVideoIoLib\ReadBitstreamFile.cpp">
      <Filter>Source Files\JMVC\lib\H264AVCVideoIoLib</Filter>
    </ClCompile>
    <ClCompile Include="JMVC\H264Extension\src\lib\H264AVCVideoIoLib\ReadYuvFile.cpp">
      <Filter>Source Files\JMVC\lib\H264AVCVideoIoLib</Filter>
    </ClCompile>
    <ClCompile Include="JMVC\H264Extension\src\lib\H264AVCVideoIoLib\WriteBitstreamToFile.cpp">
      <Filter>Source Files\JMVC\lib\H264AVCVideoIoLib</Filter>
    </ClCompile>
    <ClCompile Include="JMVC\H264Extension\src\lib\H264AVCVideoIoLib\WriteYuvaToRgb.cpp">
      <Filter>Source Files\JMVC\lib\H264AVCVideoIoLib</Filter>
    </ClCompile>
    <ClCompile Include="JMVC\H264Extension\src\lib\H264AVCVideoIoLib\WriteYuvToFile.cpp">
      <Filter>Source Files\JMVC\lib\H264AVCVideoIoLib</Filter>
    </ClCompile>
    <ClCompile Include="Debug\moc_CalibrationWindow.cpp">
      <Filter>Generated Files</Filter>
    </ClCompile>
    <ClCompile Include="Debug\moc_SelectFile.cpp">
      <Filter>Generated Files</Filter>
    </ClCompile>
    <ClCompile Include="Client.cpp">
      <Filter>Source Files</Filter>
    </ClCompile>
    <ClCompile Include="ClientWindow.cpp">
      <Filter>Source Files</Filter>
    </ClCompile>
    <ClCompile Include="Release\moc_ClientWindow.cpp">
      <Filter>Generated Files</Filter>
    </ClCompile>
    <ClCompile Include="Release\moc_Client.cpp">
      <Filter>Generated Files</Filter>
    </ClCompile>
    <ClCompile Include="ImageUtil.cpp">
      <Filter>Source Files</Filter>
    </ClCompile>
    <ClCompile Include="VideoHandler.cpp">
      <Filter>Source Files</Filter>
    </ClCompile>
  </ItemGroup>
  <ItemGroup>
    <CustomBuild Include="MyCameraWindow.h">
      <Filter>Header Files</Filter>
    </CustomBuild>
    <ClInclude Include="QOpenCVWidget.h">
      <Filter>Header Files</Filter>
    </ClInclude>
    <CustomBuild Include="SelectFile.h">
      <Filter>Header Files</Filter>
    </CustomBuild>
    <CustomBuild Include="CalibrationWindow.h">
      <Filter>Header Files</Filter>
    </CustomBuild>
    <CustomBuild Include="ClientWindow.h">
      <Filter>Header Files</Filter>
    </CustomBuild>
    <CustomBuild Include="Client.h">
      <Filter>Header Files</Filter>
    </CustomBuild>
  </ItemGroup>
  <ItemGroup>
    <ClCompile Include="debug\moc_MyCameraWindow.cpp">
      <Filter>Generated Files</Filter>
    </ClCompile>
    <ClCompile Include="release\moc_MyCameraWindow.cpp">
      <Filter>Generated Files</Filter>
    </ClCompile>
  </ItemGroup>
  <ItemGroup>
    <ClInclude Include="StereoCalib.h">
      <Filter>Header Files</Filter>
    </ClInclude>
    <ClInclude Include="SFML\Thread.hpp">
      <Filter>Header Files\SFML</Filter>
    </ClInclude>
    <ClInclude Include="SFML\NonCopyable.hpp">
      <Filter>Header Files\SFML</Filter>
    </ClInclude>
    <ClInclude Include="SFML\Config.hpp">
      <Filter>Header Files\SFML</Filter>
    </ClInclude>
    <ClInclude Include="blImageAPI\blCaptureDevice.hpp">
      <Filter>Header Files\blImageAPI</Filter>
    </ClInclude>
    <ClInclude Include="blImageAPI\blVideoThread2.hpp">
      <Filter>Header Files\blImageAPI</Filter>
    </ClInclude>
    <ClInclude Include="blImageAPI\blCleanResources.hpp">
      <Filter>Header Files\blImageAPI</Filter>
    </ClInclude>
    <ClInclude Include="blImageAPI\blColor3.hpp">
      <Filter>Header Files\blImageAPI</Filter>
    </ClInclude>
    <ClInclude Include="blImageAPI\blColor4.hpp">
      <Filter>Header Files\blImageAPI</Filter>
    </ClInclude>
    <ClInclude Include="blImageAPI\blEncodeAndDecode.hpp">
      <Filter>Header Files\blImageAPI</Filter>
    </ClInclude>
    <ClInclude Include="blImageAPI\blHSV.hpp">
      <Filter>Header Files\blImageAPI</Filter>
    </ClInclude>
    <ClInclude Include="blImageAPI\blImage.hpp">
      <Filter>Header Files\blImageAPI</Filter>
    </ClInclude>
    <ClInclude Include="blImageAPI\blImageAPI.hpp">
      <Filter>Header Files\blImageAPI</Filter>
    </ClInclude>
    <ClInclude Include="blImageAPI\blImageBlending.hpp">
      <Filter>Header Files\blImageAPI</Filter>
    </ClInclude>
    <ClInclude Include="blImageAPI\blImageChannels.hpp">
      <Filter>Header Files\blImageAPI</Filter>
    </ClInclude>
    <ClInclude Include="blImageAPI\blImageNegative.hpp">
      <Filter>Header Files\blImageAPI</Filter>
    </ClInclude>
    <ClInclude Include="blImageAPI\blImageOperators.hpp">
      <Filter>Header Files\blImageAPI</Filter>
    </ClInclude>
    <ClInclude Include="blImageAPI\blImagePencilSketch.hpp">
      <Filter>Header Files\blImageAPI</Filter>
    </ClInclude>
    <ClInclude Include="blImageAPI\blImagePlot.hpp">
      <Filter>Header Files\blImageAPI</Filter>
    </ClInclude>
    <ClInclude Include="blImageAPI\blImageSerialization.hpp">
      <Filter>Header Files\blImageAPI</Filter>
    </ClInclude>
    <ClInclude Include="blImageAPI\blImageShifting.hpp">
      <Filter>Header Files\blImageAPI</Filter>
    </ClInclude>
    <ClInclude Include="blImageAPI\blImageTiling.hpp">
      <Filter>Header Files\blImageAPI</Filter>
    </ClInclude>
    <ClInclude Include="blImageAPI\blImg.hpp">
      <Filter>Header Files\blImageAPI</Filter>
    </ClInclude>
    <ClInclude Include="blImageAPI\blMemStorage.hpp">
      <Filter>Header Files\blImageAPI</Filter>
    </ClInclude>
    <ClInclude Include="blImageAPI\blSignalProcessing.hpp">
      <Filter>Header Files\blImageAPI</Filter>
    </ClInclude>
    <ClInclude Include="blImageAPI\blTexture.hpp">
      <Filter>Header Files\blImageAPI</Filter>
    </ClInclude>
    <ClInclude Include="blImageAPI\blVideoThread.hpp">
      <Filter>Header Files\blImageAPI</Filter>
    </ClInclude>
    <ClInclude Include="JMVC\H264Extension\src\test\H264AVCEncoderLibTest\EncoderCodingParameter.h">
      <Filter>Header Files\JMVC\test\H264AVCEncoderLibTest</Filter>
    </ClInclude>
    <ClInclude Include="JMVC\H264Extension\src\test\H264AVCEncoderLibTest\H264AVCEncoderLibTest.h">
      <Filter>Header Files\JMVC\test\H264AVCEncoderLibTest</Filter>
    </ClInclude>
    <ClInclude Include="JMVC\H264Extension\src\test\H264AVCEncoderLibTest\H264AVCEncoderTest.h">
      <Filter>Header Files\JMVC\test\H264AVCEncoderLibTest</Filter>
    </ClInclude>
    <ClInclude Include="JMVC\H264Extension\src\lib\H264AVCEncoderLib\BitCounter.h">
      <Filter>Header Files\JMVC\lib\H264AVCEncoderLib</Filter>
    </ClInclude>
    <ClInclude Include="JMVC\H264Extension\src\lib\H264AVCEncoderLib\BitWriteBuffer.h">
      <Filter>Header Files\JMVC\lib\H264AVCEncoderLib</Filter>
    </ClInclude>
    <ClInclude Include="JMVC\H264Extension\src\lib\H264AVCEncoderLib\BitWriteBufferIf.h">
      <Filter>Header Files\JMVC\lib\H264AVCEncoderLib</Filter>
    </ClInclude>
    <ClInclude Include="JMVC\H264Extension\src\lib\H264AVCEncoderLib\CabacWriter.h">
      <Filter>Header Files\JMVC\lib\H264AVCEncoderLib</Filter>
    </ClInclude>
    <ClInclude Include="JMVC\H264Extension\src\lib\H264AVCEncoderLib\CabaEncoder.h">
      <Filter>Header Files\JMVC\lib\H264AVCEncoderLib</Filter>
    </ClInclude>
    <ClInclude Include="JMVC\H264Extension\src\lib\H264AVCEncoderLib\ControlMngH264AVCEncoder.h">
      <Filter>Header Files\JMVC\lib\H264AVCEncoderLib</Filter>
    </ClInclude>
    <ClInclude Include="JMVC\H264Extension\src\lib\H264AVCEncoderLib\Distortion.h">
      <Filter>Header Files\JMVC\lib\H264AVCEncoderLib</Filter>
    </ClInclude>
    <ClInclude Include="JMVC\H264Extension\src\lib\H264AVCEncoderLib\DistortionIf.h">
      <Filter>Header Files\JMVC\lib\H264AVCEncoderLib</Filter>
    </ClInclude>
    <ClInclude Include="JMVC\H264Extension\src\lib\H264AVCEncoderLib\H264AVCEncoder.h">
      <Filter>Header Files\JMVC\lib\H264AVCEncoderLib</Filter>
    </ClInclude>
    <ClInclude Include="JMVC\H264Extension\src\lib\H264AVCEncoderLib\InputPicBuffer.h">
      <Filter>Header Files\JMVC\lib\H264AVCEncoderLib</Filter>
    </ClInclude>
    <ClInclude Include="JMVC\H264Extension\src\lib\H264AVCEncoderLib\IntraPredictionSearch.h">
      <Filter>Header Files\JMVC\lib\H264AVCEncoderLib</Filter>
    </ClInclude>
    <ClInclude Include="JMVC\H264Extension\src\lib\H264AVCEncoderLib\MbCoder.h">
      <Filter>Header Files\JMVC\lib\H264AVCEncoderLib</Filter>
    </ClInclude>
    <ClInclude Include="JMVC\H264Extension\src\lib\H264AVCEncoderLib\MbEncoder.h">
      <Filter>Header Files\JMVC\lib\H264AVCEncoderLib</Filter>
    </ClInclude>
    <ClInclude Include="JMVC\H264Extension\src\lib\H264AVCEncoderLib\MbSymbolWriteIf.h">
      <Filter>Header Files\JMVC\lib\H264AVCEncoderLib</Filter>
    </ClInclude>
    <ClInclude Include="JMVC\H264Extension\src\lib\H264AVCEncoderLib\MbTempData.h">
      <Filter>Header Files\JMVC\lib\H264AVCEncoderLib</Filter>
    </ClInclude>
    <ClInclude Include="JMVC\H264Extension\src\lib\H264AVCEncoderLib\MotionEstimation.h">
      <Filter>Header Files\JMVC\lib\H264AVCEncoderLib</Filter>
    </ClInclude>
    <ClInclude Include="JMVC\H264Extension\src\lib\H264AVCEncoderLib\MotionEstimationCost.h">
      <Filter>Header Files\JMVC\lib\H264AVCEncoderLib</Filter>
    </ClInclude>
    <ClInclude Include="JMVC\H264Extension\src\lib\H264AVCEncoderLib\MotionEstimationQuarterPel.h">
      <Filter>Header Files\JMVC\lib\H264AVCEncoderLib</Filter>
    </ClInclude>
    <ClInclude Include="JMVC\H264Extension\src\lib\H264AVCEncoderLib\Multiview.h">
      <Filter>Header Files\JMVC\lib\H264AVCEncoderLib</Filter>
    </ClInclude>
    <ClInclude Include="JMVC\H264Extension\src\lib\H264AVCEncoderLib\NalUnitEncoder.h">
      <Filter>Header Files\JMVC\lib\H264AVCEncoderLib</Filter>
    </ClInclude>
    <ClInclude Include="JMVC\H264Extension\src\lib\H264AVCEncoderLib\PicEncoder.h">
      <Filter>Header Files\JMVC\lib\H264AVCEncoderLib</Filter>
    </ClInclude>
    <ClInclude Include="JMVC\H264Extension\src\lib\H264AVCEncoderLib\RateDistortion.h">
      <Filter>Header Files\JMVC\lib\H264AVCEncoderLib</Filter>
    </ClInclude>
    <ClInclude Include="JMVC\H264Extension\src\lib\H264AVCEncoderLib\RateDistortionIf.h">
      <Filter>Header Files\JMVC\lib\H264AVCEncoderLib</Filter>
    </ClInclude>
    <ClInclude Include="JMVC\H264Extension\src\lib\H264AVCEncoderLib\RecPicBuffer.h">
      <Filter>Header Files\JMVC\lib\H264AVCEncoderLib</Filter>
    </ClInclude>
    <ClInclude Include="JMVC\H264Extension\src\lib\H264AVCEncoderLib\resource.h">
      <Filter>Header Files\JMVC\lib\H264AVCEncoderLib</Filter>
    </ClInclude>
    <ClInclude Include="JMVC\H264Extension\src\lib\H264AVCEncoderLib\SequenceStructure.h">
      <Filter>Header Files\JMVC\lib\H264AVCEncoderLib</Filter>
    </ClInclude>
    <ClInclude Include="JMVC\H264Extension\src\lib\H264AVCEncoderLib\SliceEncoder.h">
      <Filter>Header Files\JMVC\lib\H264AVCEncoderLib</Filter>
    </ClInclude>
    <ClInclude Include="JMVC\H264Extension\src\lib\H264AVCEncoderLib\UvlcWriter.h">
      <Filter>Header Files\JMVC\lib\H264AVCEncoderLib</Filter>
    </ClInclude>
    <ClInclude Include="JMVC\H264Extension\src\lib\H264AVCCommonLib\resource.h">
      <Filter>Header Files\JMVC\lib\H264AVCCommonLib</Filter>
    </ClInclude>
    <ClInclude Include="JMVC\H264Extension\src\lib\H264AVCVideoIoLib\resource.h">
      <Filter>Header Files\JMVC\lib\H264AVCVideoIoLib</Filter>
    </ClInclude>
    <ClInclude Include="JMVC\H264Extension\src\lib\H264AVCVideoIoLib\WriteYuvaToRgb.h">
      <Filter>Header Files\JMVC\lib\H264AVCVideoIoLib</Filter>
    </ClInclude>
    <ClInclude Include="ImageUtil.h">
      <Filter>Header Files</Filter>
    </ClInclude>
    <ClInclude Include="VideoThread.h">
      <Filter>Header Files</Filter>
    </ClInclude>
    <ClInclude Include="VideoHandler.h">
      <Filter>Header Files</Filter>
    </ClInclude>
  </ItemGroup>
</Project>